// !$*UTF8*$!
{
	archiveVersion = 1;
	classes = {
	};
	objectVersion = 56;
	objects = {

/* Begin PBXBuildFile section */
		719976AF29B9B7F10067B8E0 /* AppDelegate.m in Sources */ = {isa = PBXBuildFile; fileRef = 719976AE29B9B7F10067B8E0 /* AppDelegate.m */; };
		719976B229B9B7F10067B8E0 /* SceneDelegate.m in Sources */ = {isa = PBXBuildFile; fileRef = 719976B129B9B7F10067B8E0 /* SceneDelegate.m */; };
		719976B529B9B7F10067B8E0 /* ViewController.m in Sources */ = {isa = PBXBuildFile; fileRef = 719976B429B9B7F10067B8E0 /* ViewController.m */; };
		719976B829B9B7F10067B8E0 /* Main.storyboard in Resources */ = {isa = PBXBuildFile; fileRef = 719976B629B9B7F10067B8E0 /* Main.storyboard */; };
		719976BA29B9B7F20067B8E0 /* Assets.xcassets in Resources */ = {isa = PBXBuildFile; fileRef = 719976B929B9B7F20067B8E0 /* Assets.xcassets */; };
		719976BD29B9B7F20067B8E0 /* LaunchScreen.storyboard in Resources */ = {isa = PBXBuildFile; fileRef = 719976BB29B9B7F20067B8E0 /* LaunchScreen.storyboard */; };
		719976C029B9B7F20067B8E0 /* main.m in Sources */ = {isa = PBXBuildFile; fileRef = 719976BF29B9B7F20067B8E0 /* main.m */; };
		719976CA29B9B7F20067B8E0 /* OpenGLTexturesTests.m in Sources */ = {isa = PBXBuildFile; fileRef = 719976C929B9B7F20067B8E0 /* OpenGLTexturesTests.m */; };
		719976D429B9B7F20067B8E0 /* OpenGLTexturesUITests.m in Sources */ = {isa = PBXBuildFile; fileRef = 719976D329B9B7F20067B8E0 /* OpenGLTexturesUITests.m */; };
		719976D629B9B7F20067B8E0 /* OpenGLTexturesUITestsLaunchTests.m in Sources */ = {isa = PBXBuildFile; fileRef = 719976D529B9B7F20067B8E0 /* OpenGLTexturesUITestsLaunchTests.m */; };
		719976E729B9B8260067B8E0 /* SHGLTool.m in Sources */ = {isa = PBXBuildFile; fileRef = 719976E629B9B8260067B8E0 /* SHGLTool.m */; };
		719976EF29B9BB680067B8E0 /* SHGLView.m in Sources */ = {isa = PBXBuildFile; fileRef = 719976EE29B9BB680067B8E0 /* SHGLView.m */; };
		719976F229B9BB950067B8E0 /* shaderf.glsl in Resources */ = {isa = PBXBuildFile; fileRef = 719976F029B9BB950067B8E0 /* shaderf.glsl */; };
		719976F329B9BB950067B8E0 /* shaderv.glsl in Resources */ = {isa = PBXBuildFile; fileRef = 719976F129B9BB950067B8E0 /* shaderv.glsl */; };
/* End PBXBuildFile section */

/* Begin PBXContainerItemProxy section */
		719976C629B9B7F20067B8E0 /* PBXContainerItemProxy */ = {
			isa = PBXContainerItemProxy;
			containerPortal = 719976A229B9B7F10067B8E0 /* Project object */;
			proxyType = 1;
			remoteGlobalIDString = 719976A929B9B7F10067B8E0;
			remoteInfo = OpenGLTextures;
		};
		719976D029B9B7F20067B8E0 /* PBXContainerItemProxy */ = {
			isa = PBXContainerItemProxy;
			containerPortal = 719976A229B9B7F10067B8E0 /* Project object */;
			proxyType = 1;
			remoteGlobalIDString = 719976A929B9B7F10067B8E0;
			remoteInfo = OpenGLTextures;
		};
/* End PBXContainerItemProxy section */

/* Begin PBXFileReference section */
		719976AA29B9B7F10067B8E0 /* OpenGLTextures.app */ = {isa = PBXFileReference; explicitFileType = wrapper.application; includeInIndex = 0; path = OpenGLTextures.app; sourceTree = BUILT_PRODUCTS_DIR; };
		719976AD29B9B7F10067B8E0 /* AppDelegate.h */ = {isa = PBXFileReference; lastKnownFileType = sourcecode.c.h; path = AppDelegate.h; sourceTree = "<group>"; };
		719976AE29B9B7F10067B8E0 /* AppDelegate.m */ = {isa = PBXFileReference; lastKnownFileType = sourcecode.c.objc; path = AppDelegate.m; sourceTree = "<group>"; };
		719976B029B9B7F10067B8E0 /* SceneDelegate.h */ = {isa = PBXFileReference; lastKnownFileType = sourcecode.c.h; path = SceneDelegate.h; sourceTree = "<group>"; };
		719976B129B9B7F10067B8E0 /* SceneDelegate.m */ = {isa = PBXFileReference; lastKnownFileType = sourcecode.c.objc; path = SceneDelegate.m; sourceTree = "<group>"; };
		719976B329B9B7F10067B8E0 /* ViewController.h */ = {isa = PBXFileReference; lastKnownFileType = sourcecode.c.h; path = ViewController.h; sourceTree = "<group>"; };
		719976B429B9B7F10067B8E0 /* ViewController.m */ = {isa = PBXFileReference; lastKnownFileType = sourcecode.c.objc; path = ViewController.m; sourceTree = "<group>"; };
		719976B729B9B7F10067B8E0 /* Base */ = {isa = PBXFileReference; lastKnownFileType = file.storyboard; name = Base; path = Base.lproj/Main.storyboard; sourceTree = "<group>"; };
		719976B929B9B7F20067B8E0 /* Assets.xcassets */ = {isa = PBXFileReference; lastKnownFileType = folder.assetcatalog; path = Assets.xcassets; sourceTree = "<group>"; };
		719976BC29B9B7F20067B8E0 /* Base */ = {isa = PBXFileReference; lastKnownFileType = file.storyboard; name = Base; path = Base.lproj/LaunchScreen.storyboard; sourceTree = "<group>"; };
		719976BE29B9B7F20067B8E0 /* Info.plist */ = {isa = PBXFileReference; lastKnownFileType = text.plist.xml; path = Info.plist; sourceTree = "<group>"; };
		719976BF29B9B7F20067B8E0 /* main.m */ = {isa = PBXFileReference; lastKnownFileType = sourcecode.c.objc; path = main.m; sourceTree = "<group>"; };
		719976C529B9B7F20067B8E0 /* OpenGLTexturesTests.xctest */ = {isa = PBXFileReference; explicitFileType = wrapper.cfbundle; includeInIndex = 0; path = OpenGLTexturesTests.xctest; sourceTree = BUILT_PRODUCTS_DIR; };
		719976C929B9B7F20067B8E0 /* OpenGLTexturesTests.m */ = {isa = PBXFileReference; lastKnownFileType = sourcecode.c.objc; path = OpenGLTexturesTests.m; sourceTree = "<group>"; };
		719976CF29B9B7F20067B8E0 /* OpenGLTexturesUITests.xctest */ = {isa = PBXFileReference; explicitFileType = wrapper.cfbundle; includeInIndex = 0; path = OpenGLTexturesUITests.xctest; sourceTree = BUILT_PRODUCTS_DIR; };
		719976D329B9B7F20067B8E0 /* OpenGLTexturesUITests.m */ = {isa = PBXFileReference; lastKnownFileType = sourcecode.c.objc; path = OpenGLTexturesUITests.m; sourceTree = "<group>"; };
		719976D529B9B7F20067B8E0 /* OpenGLTexturesUITestsLaunchTests.m */ = {isa = PBXFileReference; lastKnownFileType = sourcecode.c.objc; path = OpenGLTexturesUITestsLaunchTests.m; sourceTree = "<group>"; };
		719976E529B9B8260067B8E0 /* SHGLTool.h */ = {isa = PBXFileReference; fileEncoding = 4; lastKnownFileType = sourcecode.c.h; path = SHGLTool.h; sourceTree = "<group>"; };
		719976E629B9B8260067B8E0 /* SHGLTool.m */ = {isa = PBXFileReference; fileEncoding = 4; lastKnownFileType = sourcecode.c.objc; path = SHGLTool.m; sourceTree = "<group>"; };
		719976ED29B9BB680067B8E0 /* SHGLView.h */ = {isa = PBXFileReference; lastKnownFileType = sourcecode.c.h; path = SHGLView.h; sourceTree = "<group>"; };
		719976EE29B9BB680067B8E0 /* SHGLView.m */ = {isa = PBXFileReference; lastKnownFileType = sourcecode.c.objc; path = SHGLView.m; sourceTree = "<group>"; };
		719976F029B9BB950067B8E0 /* shaderf.glsl */ = {isa = PBXFileReference; fileEncoding = 4; lastKnownFileType = text; path = shaderf.glsl; sourceTree = "<group>"; };
		719976F129B9BB950067B8E0 /* shaderv.glsl */ = {isa = PBXFileReference; fileEncoding = 4; lastKnownFileType = text; path = shaderv.glsl; sourceTree = "<group>"; };
/* End PBXFileReference section */

/* Begin PBXFrameworksBuildPhase section */
		719976A729B9B7F10067B8E0 /* Frameworks */ = {
			isa = PBXFrameworksBuildPhase;
			buildActionMask = 2147483647;
			files = (
			);
			runOnlyForDeploymentPostprocessing = 0;
		};
		719976C229B9B7F20067B8E0 /* Frameworks */ = {
			isa = PBXFrameworksBuildPhase;
			buildActionMask = 2147483647;
			files = (
			);
			runOnlyForDeploymentPostprocessing = 0;
		};
		719976CC29B9B7F20067B8E0 /* Frameworks */ = {
			isa = PBXFrameworksBuildPhase;
			buildActionMask = 2147483647;
			files = (
			);
			runOnlyForDeploymentPostprocessing = 0;
		};
/* End PBXFrameworksBuildPhase section */

/* Begin PBXGroup section */
		719976A129B9B7F10067B8E0 = {
			isa = PBXGroup;
			children = (
				719976AC29B9B7F10067B8E0 /* OpenGLTextures */,
				719976C829B9B7F20067B8E0 /* OpenGLTexturesTests */,
				719976D229B9B7F20067B8E0 /* OpenGLTexturesUITests */,
				719976AB29B9B7F10067B8E0 /* Products */,
			);
			sourceTree = "<group>";
		};
		719976AB29B9B7F10067B8E0 /* Products */ = {
			isa = PBXGroup;
			children = (
				719976AA29B9B7F10067B8E0 /* OpenGLTextures.app */,
				719976C529B9B7F20067B8E0 /* OpenGLTexturesTests.xctest */,
				719976CF29B9B7F20067B8E0 /* OpenGLTexturesUITests.xctest */,
			);
			name = Products;
			sourceTree = "<group>";
		};
		719976AC29B9B7F10067B8E0 /* OpenGLTextures */ = {
			isa = PBXGroup;
			children = (
				719976EC29B9BB580067B8E0 /* View */,
				719976E829B9B8290067B8E0 /* Tool */,
				719976AD29B9B7F10067B8E0 /* AppDelegate.h */,
				719976AE29B9B7F10067B8E0 /* AppDelegate.m */,
				719976B029B9B7F10067B8E0 /* SceneDelegate.h */,
				719976B129B9B7F10067B8E0 /* SceneDelegate.m */,
				719976B329B9B7F10067B8E0 /* ViewController.h */,
				719976B429B9B7F10067B8E0 /* ViewController.m */,
				719976B629B9B7F10067B8E0 /* Main.storyboard */,
				719976B929B9B7F20067B8E0 /* Assets.xcassets */,
				719976BB29B9B7F20067B8E0 /* LaunchScreen.storyboard */,
				719976BE29B9B7F20067B8E0 /* Info.plist */,
				719976BF29B9B7F20067B8E0 /* main.m */,
				719976F029B9BB950067B8E0 /* shaderf.glsl */,
				719976F129B9BB950067B8E0 /* shaderv.glsl */,
			);
			path = OpenGLTextures;
			sourceTree = "<group>";
		};
		719976C829B9B7F20067B8E0 /* OpenGLTexturesTests */ = {
			isa = PBXGroup;
			children = (
				719976C929B9B7F20067B8E0 /* OpenGLTexturesTests.m */,
			);
			path = OpenGLTexturesTests;
			sourceTree = "<group>";
		};
		719976D229B9B7F20067B8E0 /* OpenGLTexturesUITests */ = {
			isa = PBXGroup;
			children = (
				719976D329B9B7F20067B8E0 /* OpenGLTexturesUITests.m */,
				719976D529B9B7F20067B8E0 /* OpenGLTexturesUITestsLaunchTests.m */,
			);
			path = OpenGLTexturesUITests;
			sourceTree = "<group>";
		};
		719976E829B9B8290067B8E0 /* Tool */ = {
			isa = PBXGroup;
			children = (
				719976E529B9B8260067B8E0 /* SHGLTool.h */,
				719976E629B9B8260067B8E0 /* SHGLTool.m */,
			);
			path = Tool;
			sourceTree = "<group>";
		};
		719976EC29B9BB580067B8E0 /* View */ = {
			isa = PBXGroup;
			children = (
				719976ED29B9BB680067B8E0 /* SHGLView.h */,
				719976EE29B9BB680067B8E0 /* SHGLView.m */,
			);
			path = View;
			sourceTree = "<group>";
		};
/* End PBXGroup section */

/* Begin PBXNativeTarget section */
		719976A929B9B7F10067B8E0 /* OpenGLTextures */ = {
			isa = PBXNativeTarget;
			buildConfigurationList = 719976D929B9B7F20067B8E0 /* Build configuration list for PBXNativeTarget "OpenGLTextures" */;
			buildPhases = (
				719976A629B9B7F10067B8E0 /* Sources */,
				719976A729B9B7F10067B8E0 /* Frameworks */,
				719976A829B9B7F10067B8E0 /* Resources */,
			);
			buildRules = (
			);
			dependencies = (
			);
			name = OpenGLTextures;
			productName = OpenGLTextures;
			productReference = 719976AA29B9B7F10067B8E0 /* OpenGLTextures.app */;
			productType = "com.apple.product-type.application";
		};
		719976C429B9B7F20067B8E0 /* OpenGLTexturesTests */ = {
			isa = PBXNativeTarget;
			buildConfigurationList = 719976DC29B9B7F20067B8E0 /* Build configuration list for PBXNativeTarget "OpenGLTexturesTests" */;
			buildPhases = (
				719976C129B9B7F20067B8E0 /* Sources */,
				719976C229B9B7F20067B8E0 /* Frameworks */,
				719976C329B9B7F20067B8E0 /* Resources */,
			);
			buildRules = (
			);
			dependencies = (
				719976C729B9B7F20067B8E0 /* PBXTargetDependency */,
			);
			name = OpenGLTexturesTests;
			productName = OpenGLTexturesTests;
			productReference = 719976C529B9B7F20067B8E0 /* OpenGLTexturesTests.xctest */;
			productType = "com.apple.product-type.bundle.unit-test";
		};
		719976CE29B9B7F20067B8E0 /* OpenGLTexturesUITests */ = {
			isa = PBXNativeTarget;
			buildConfigurationList = 719976DF29B9B7F20067B8E0 /* Build configuration list for PBXNativeTarget "OpenGLTexturesUITests" */;
			buildPhases = (
				719976CB29B9B7F20067B8E0 /* Sources */,
				719976CC29B9B7F20067B8E0 /* Frameworks */,
				719976CD29B9B7F20067B8E0 /* Resources */,
			);
			buildRules = (
			);
			dependencies = (
				719976D129B9B7F20067B8E0 /* PBXTargetDependency */,
			);
			name = OpenGLTexturesUITests;
			productName = OpenGLTexturesUITests;
			productReference = 719976CF29B9B7F20067B8E0 /* OpenGLTexturesUITests.xctest */;
			productType = "com.apple.product-type.bundle.ui-testing";
		};
/* End PBXNativeTarget section */

/* Begin PBXProject section */
		719976A229B9B7F10067B8E0 /* Project object */ = {
			isa = PBXProject;
			attributes = {
				BuildIndependentTargetsInParallel = 1;
				LastUpgradeCheck = 1420;
				TargetAttributes = {
					719976A929B9B7F10067B8E0 = {
						CreatedOnToolsVersion = 14.2;
					};
					719976C429B9B7F20067B8E0 = {
						CreatedOnToolsVersion = 14.2;
						TestTargetID = 719976A929B9B7F10067B8E0;
					};
					719976CE29B9B7F20067B8E0 = {
						CreatedOnToolsVersion = 14.2;
						TestTargetID = 719976A929B9B7F10067B8E0;
					};
				};
			};
			buildConfigurationList = 719976A529B9B7F10067B8E0 /* Build configuration list for PBXProject "OpenGLTextures" */;
			compatibilityVersion = "Xcode 14.0";
			developmentRegion = en;
			hasScannedForEncodings = 0;
			knownRegions = (
				en,
				Base,
			);
			mainGroup = 719976A129B9B7F10067B8E0;
			productRefGroup = 719976AB29B9B7F10067B8E0 /* Products */;
			projectDirPath = "";
			projectRoot = "";
			targets = (
				719976A929B9B7F10067B8E0 /* OpenGLTextures */,
				719976C429B9B7F20067B8E0 /* OpenGLTexturesTests */,
				719976CE29B9B7F20067B8E0 /* OpenGLTexturesUITests */,
			);
		};
/* End PBXProject section */

/* Begin PBXResourcesBuildPhase section */
		719976A829B9B7F10067B8E0 /* Resources */ = {
			isa = PBXResourcesBuildPhase;
			buildActionMask = 2147483647;
			files = (
				719976BD29B9B7F20067B8E0 /* LaunchScreen.storyboard in Resources */,
				719976F229B9BB950067B8E0 /* shaderf.glsl in Resources */,
				719976BA29B9B7F20067B8E0 /* Assets.xcassets in Resources */,
				719976B829B9B7F10067B8E0 /* Main.storyboard in Resources */,
				719976F329B9BB950067B8E0 /* shaderv.glsl in Resources */,
			);
			runOnlyForDeploymentPostprocessing = 0;
		};
		719976C329B9B7F20067B8E0 /* Resources */ = {
			isa = PBXResourcesBuildPhase;
			buildActionMask = 2147483647;
			files = (
			);
			runOnlyForDeploymentPostprocessing = 0;
		};
		719976CD29B9B7F20067B8E0 /* Resources */ = {
			isa = PBXResourcesBuildPhase;
			buildActionMask = 2147483647;
			files = (
			);
			runOnlyForDeploymentPostprocessing = 0;
		};
/* End PBXResourcesBuildPhase section */

/* Begin PBXSourcesBuildPhase section */
		719976A629B9B7F10067B8E0 /* Sources */ = {
			isa = PBXSourcesBuildPhase;
			buildActionMask = 2147483647;
			files = (
				719976EF29B9BB680067B8E0 /* SHGLView.m in Sources */,
				719976B529B9B7F10067B8E0 /* ViewController.m in Sources */,
				719976AF29B9B7F10067B8E0 /* AppDelegate.m in Sources */,
				719976C029B9B7F20067B8E0 /* main.m in Sources */,
				719976B229B9B7F10067B8E0 /* SceneDelegate.m in Sources */,
				719976E729B9B8260067B8E0 /* SHGLTool.m in Sources */,
			);
			runOnlyForDeploymentPostprocessing = 0;
		};
		719976C129B9B7F20067B8E0 /* Sources */ = {
			isa = PBXSourcesBuildPhase;
			buildActionMask = 2147483647;
			files = (
				719976CA29B9B7F20067B8E0 /* OpenGLTexturesTests.m in Sources */,
			);
			runOnlyForDeploymentPostprocessing = 0;
		};
		719976CB29B9B7F20067B8E0 /* Sources */ = {
			isa = PBXSourcesBuildPhase;
			buildActionMask = 2147483647;
			files = (
				719976D429B9B7F20067B8E0 /* OpenGLTexturesUITests.m in Sources */,
				719976D629B9B7F20067B8E0 /* OpenGLTexturesUITestsLaunchTests.m in Sources */,
			);
			runOnlyForDeploymentPostprocessing = 0;
		};
/* End PBXSourcesBuildPhase section */

/* Begin PBXTargetDependency section */
		719976C729B9B7F20067B8E0 /* PBXTargetDependency */ = {
			isa = PBXTargetDependency;
			target = 719976A929B9B7F10067B8E0 /* OpenGLTextures */;
			targetProxy = 719976C629B9B7F20067B8E0 /* PBXContainerItemProxy */;
		};
		719976D129B9B7F20067B8E0 /* PBXTargetDependency */ = {
			isa = PBXTargetDependency;
			target = 719976A929B9B7F10067B8E0 /* OpenGLTextures */;
			targetProxy = 719976D029B9B7F20067B8E0 /* PBXContainerItemProxy */;
		};
/* End PBXTargetDependency section */

/* Begin PBXVariantGroup section */
		719976B629B9B7F10067B8E0 /* Main.storyboard */ = {
			isa = PBXVariantGroup;
			children = (
				719976B729B9B7F10067B8E0 /* Base */,
			);
			name = Main.storyboard;
			sourceTree = "<group>";
		};
		719976BB29B9B7F20067B8E0 /* LaunchScreen.storyboard */ = {
			isa = PBXVariantGroup;
			children = (
				719976BC29B9B7F20067B8E0 /* Base */,
			);
			name = LaunchScreen.storyboard;
			sourceTree = "<group>";
		};
/* End PBXVariantGroup section */

/* Begin XCBuildConfiguration section */
		719976D729B9B7F20067B8E0 /* Debug */ = {
			isa = XCBuildConfiguration;
			buildSettings = {
				ALWAYS_SEARCH_USER_PATHS = NO;
				CLANG_ANALYZER_NONNULL = YES;
				CLANG_ANALYZER_NUMBER_OBJECT_CONVERSION = YES_AGGRESSIVE;
				CLANG_CXX_LANGUAGE_STANDARD = "gnu++20";
				CLANG_ENABLE_MODULES = YES;
				CLANG_ENABLE_OBJC_ARC = YES;
				CLANG_ENABLE_OBJC_WEAK = YES;
				CLANG_WARN_BLOCK_CAPTURE_AUTORELEASING = YES;
				CLANG_WARN_BOOL_CONVERSION = YES;
				CLANG_WARN_COMMA = YES;
				CLANG_WARN_CONSTANT_CONVERSION = YES;
				CLANG_WARN_DEPRECATED_OBJC_IMPLEMENTATIONS = YES;
				CLANG_WARN_DIRECT_OBJC_ISA_USAGE = YES_ERROR;
				CLANG_WARN_DOCUMENTATION_COMMENTS = YES;
				CLANG_WARN_EMPTY_BODY = YES;
				CLANG_WARN_ENUM_CONVERSION = YES;
				CLANG_WARN_INFINITE_RECURSION = YES;
				CLANG_WARN_INT_CONVERSION = YES;
				CLANG_WARN_NON_LITERAL_NULL_CONVERSION = YES;
				CLANG_WARN_OBJC_IMPLICIT_RETAIN_SELF = YES;
				CLANG_WARN_OBJC_LITERAL_CONVERSION = YES;
				CLANG_WARN_OBJC_ROOT_CLASS = YES_ERROR;
				CLANG_WARN_QUOTED_INCLUDE_IN_FRAMEWORK_HEADER = YES;
				CLANG_WARN_RANGE_LOOP_ANALYSIS = YES;
				CLANG_WARN_STRICT_PROTOTYPES = YES;
				CLANG_WARN_SUSPICIOUS_MOVE = YES;
				CLANG_WARN_UNGUARDED_AVAILABILITY = YES_AGGRESSIVE;
				CLANG_WARN_UNREACHABLE_CODE = YES;
				CLANG_WARN__DUPLICATE_METHOD_MATCH = YES;
				COPY_PHASE_STRIP = NO;
				DEBUG_INFORMATION_FORMAT = dwarf;
				ENABLE_STRICT_OBJC_MSGSEND = YES;
				ENABLE_TESTABILITY = YES;
				GCC_C_LANGUAGE_STANDARD = gnu11;
				GCC_DYNAMIC_NO_PIC = NO;
				GCC_NO_COMMON_BLOCKS = YES;
				GCC_OPTIMIZATION_LEVEL = 0;
				GCC_PREPROCESSOR_DEFINITIONS = (
					"DEBUG=1",
					"$(inherited)",
				);
				GCC_WARN_64_TO_32_BIT_CONVERSION = YES;
				GCC_WARN_ABOUT_RETURN_TYPE = YES_ERROR;
				GCC_WARN_UNDECLARED_SELECTOR = YES;
				GCC_WARN_UNINITIALIZED_AUTOS = YES_AGGRESSIVE;
				GCC_WARN_UNUSED_FUNCTION = YES;
				GCC_WARN_UNUSED_VARIABLE = YES;
				IPHONEOS_DEPLOYMENT_TARGET = 16.2;
				MTL_ENABLE_DEBUG_INFO = INCLUDE_SOURCE;
				MTL_FAST_MATH = YES;
				ONLY_ACTIVE_ARCH = YES;
				SDKROOT = iphoneos;
			};
			name = Debug;
		};
		719976D829B9B7F20067B8E0 /* Release */ = {
			isa = XCBuildConfiguration;
			buildSettings = {
				ALWAYS_SEARCH_USER_PATHS = NO;
				CLANG_ANALYZER_NONNULL = YES;
				CLANG_ANALYZER_NUMBER_OBJECT_CONVERSION = YES_AGGRESSIVE;
				CLANG_CXX_LANGUAGE_STANDARD = "gnu++20";
				CLANG_ENABLE_MODULES = YES;
				CLANG_ENABLE_OBJC_ARC = YES;
				CLANG_ENABLE_OBJC_WEAK = YES;
				CLANG_WARN_BLOCK_CAPTURE_AUTORELEASING = YES;
				CLANG_WARN_BOOL_CONVERSION = YES;
				CLANG_WARN_COMMA = YES;
				CLANG_WARN_CONSTANT_CONVERSION = YES;
				CLANG_WARN_DEPRECATED_OBJC_IMPLEMENTATIONS = YES;
				CLANG_WARN_DIRECT_OBJC_ISA_USAGE = YES_ERROR;
				CLANG_WARN_DOCUMENTATION_COMMENTS = YES;
				CLANG_WARN_EMPTY_BODY = YES;
				CLANG_WARN_ENUM_CONVERSION = YES;
				CLANG_WARN_INFINITE_RECURSION = YES;
				CLANG_WARN_INT_CONVERSION = YES;
				CLANG_WARN_NON_LITERAL_NULL_CONVERSION = YES;
				CLANG_WARN_OBJC_IMPLICIT_RETAIN_SELF = YES;
				CLANG_WARN_OBJC_LITERAL_CONVERSION = YES;
				CLANG_WARN_OBJC_ROOT_CLASS = YES_ERROR;
				CLANG_WARN_QUOTED_INCLUDE_IN_FRAMEWORK_HEADER = YES;
				CLANG_WARN_RANGE_LOOP_ANALYSIS = YES;
				CLANG_WARN_STRICT_PROTOTYPES = YES;
				CLANG_WARN_SUSPICIOUS_MOVE = YES;
				CLANG_WARN_UNGUARDED_AVAILABILITY = YES_AGGRESSIVE;
				CLANG_WARN_UNREACHABLE_CODE = YES;
				CLANG_WARN__DUPLICATE_METHOD_MATCH = YES;
				COPY_PHASE_STRIP = NO;
				DEBUG_INFORMATION_FORMAT = "dwarf-with-dsym";
				ENABLE_NS_ASSERTIONS = NO;
				ENABLE_STRICT_OBJC_MSGSEND = YES;
				GCC_C_LANGUAGE_STANDARD = gnu11;
				GCC_NO_COMMON_BLOCKS = YES;
				GCC_WARN_64_TO_32_BIT_CONVERSION = YES;
				GCC_WARN_ABOUT_RETURN_TYPE = YES_ERROR;
				GCC_WARN_UNDECLARED_SELECTOR = YES;
				GCC_WARN_UNINITIALIZED_AUTOS = YES_AGGRESSIVE;
				GCC_WARN_UNUSED_FUNCTION = YES;
				GCC_WARN_UNUSED_VARIABLE = YES;
				IPHONEOS_DEPLOYMENT_TARGET = 16.2;
				MTL_ENABLE_DEBUG_INFO = NO;
				MTL_FAST_MATH = YES;
				SDKROOT = iphoneos;
				VALIDATE_PRODUCT = YES;
			};
			name = Release;
		};
		719976DA29B9B7F20067B8E0 /* Debug */ = {
			isa = XCBuildConfiguration;
			buildSettings = {
				ASSETCATALOG_COMPILER_APPICON_NAME = AppIcon;
				ASSETCATALOG_COMPILER_GLOBAL_ACCENT_COLOR_NAME = AccentColor;
				CODE_SIGN_STYLE = Automatic;
				CURRENT_PROJECT_VERSION = 1;
				DEVELOPMENT_TEAM = 32K457YK2X;
				GENERATE_INFOPLIST_FILE = YES;
				INFOPLIST_FILE = OpenGLTextures/Info.plist;
				INFOPLIST_KEY_UIApplicationSupportsIndirectInputEvents = YES;
				INFOPLIST_KEY_UILaunchStoryboardName = LaunchScreen;
				INFOPLIST_KEY_UIMainStoryboardFile = Main;
				INFOPLIST_KEY_UISupportedInterfaceOrientations_iPad = "UIInterfaceOrientationPortrait UIInterfaceOrientationPortraitUpsideDown UIInterfaceOrientationLandscapeLeft UIInterfaceOrientationLandscapeRight";
				INFOPLIST_KEY_UISupportedInterfaceOrientations_iPhone = "UIInterfaceOrientationPortrait UIInterfaceOrientationLandscapeLeft UIInterfaceOrientationLandscapeRight";
				LD_RUNPATH_SEARCH_PATHS = (
					"$(inherited)",
					"@executable_path/Frameworks",
				);
				MARKETING_VERSION = 1.0;
				PRODUCT_BUNDLE_IDENTIFIER = com.yeqiu.team.OpenGLTextures;
				PRODUCT_NAME = "$(TARGET_NAME)";
				SWIFT_EMIT_LOC_STRINGS = YES;
				TARGETED_DEVICE_FAMILY = "1,2";
			};
			name = Debug;
		};
		719976DB29B9B7F20067B8E0 /* Release */ = {
			isa = XCBuildConfiguration;
			buildSettings = {
				ASSETCATALOG_COMPILER_APPICON_NAME = AppIcon;
				ASSETCATALOG_COMPILER_GLOBAL_ACCENT_COLOR_NAME = AccentColor;
				CODE_SIGN_STYLE = Automatic;
				CURRENT_PROJECT_VERSION = 1;
				DEVELOPMENT_TEAM = 32K457YK2X;
				GENERATE_INFOPLIST_FILE = YES;
				INFOPLIST_FILE = OpenGLTextures/Info.plist;
				INFOPLIST_KEY_UIApplicationSupportsIndirectInputEvents = YES;
				INFOPLIST_KEY_UILaunchStoryboardName = LaunchScreen;
				INFOPLIST_KEY_UIMainStoryboardFile = Main;
				INFOPLIST_KEY_UISupportedInterfaceOrientations_iPad = "UIInterfaceOrientationPortrait UIInterfaceOrientationPortraitUpsideDown UIInterfaceOrientationLandscapeLeft UIInterfaceOrientationLandscapeRight";
				INFOPLIST_KEY_UISupportedInterfaceOrientations_iPhone = "UIInterfaceOrientationPortrait UIInterfaceOrientationLandscapeLeft UIInterfaceOrientationLandscapeRight";
				LD_RUNPATH_SEARCH_PATHS = (
					"$(inherited)",
					"@executable_path/Frameworks",
				);
				MARKETING_VERSION = 1.0;
				PRODUCT_BUNDLE_IDENTIFIER = com.yeqiu.team.OpenGLTextures;
				PRODUCT_NAME = "$(TARGET_NAME)";
				SWIFT_EMIT_LOC_STRINGS = YES;
				TARGETED_DEVICE_FAMILY = "1,2";
			};
			name = Release;
		};
		719976DD29B9B7F20067B8E0 /* Debug */ = {
			isa = XCBuildConfiguration;
			buildSettings = {
				BUNDLE_LOADER = "$(TEST_HOST)";
				CODE_SIGN_STYLE = Automatic;
				CURRENT_PROJECT_VERSION = 1;
				DEVELOPMENT_TEAM = 32K457YK2X;
				GENERATE_INFOPLIST_FILE = YES;
				IPHONEOS_DEPLOYMENT_TARGET = 16.2;
				MARKETING_VERSION = 1.0;
				PRODUCT_BUNDLE_IDENTIFIER = com.yeqiu.team.OpenGLTexturesTests;
				PRODUCT_NAME = "$(TARGET_NAME)";
				SWIFT_EMIT_LOC_STRINGS = NO;
				TARGETED_DEVICE_FAMILY = "1,2";
				TEST_HOST = "$(BUILT_PRODUCTS_DIR)/OpenGLTextures.app/$(BUNDLE_EXECUTABLE_FOLDER_PATH)/OpenGLTextures";
			};
			name = Debug;
		};
		719976DE29B9B7F20067B8E0 /* Release */ = {
			isa = XCBuildConfiguration;
			buildSettings = {
				BUNDLE_LOADER = "$(TEST_HOST)";
				CODE_SIGN_STYLE = Automatic;
				CURRENT_PROJECT_VERSION = 1;
				DEVELOPMENT_TEAM = 32K457YK2X;
				GENERATE_INFOPLIST_FILE = YES;
				IPHONEOS_DEPLOYMENT_TARGET = 16.2;
				MARKETING_VERSION = 1.0;
				PRODUCT_BUNDLE_IDENTIFIER = com.yeqiu.team.OpenGLTexturesTests;
				PRODUCT_NAME = "$(TARGET_NAME)";
				SWIFT_EMIT_LOC_STRINGS = NO;
				TARGETED_DEVICE_FAMILY = "1,2";
				TEST_HOST = "$(BUILT_PRODUCTS_DIR)/OpenGLTextures.app/$(BUNDLE_EXECUTABLE_FOLDER_PATH)/OpenGLTextures";
			};
			name = Release;
		};
		719976E029B9B7F20067B8E0 /* Debug */ = {
			isa = XCBuildConfiguration;
			buildSettings = {
				CODE_SIGN_STYLE = Automatic;
				CURRENT_PROJECT_VERSION = 1;
				DEVELOPMENT_TEAM = 32K457YK2X;
				GENERATE_INFOPLIST_FILE = YES;
				MARKETING_VERSION = 1.0;
				PRODUCT_BUNDLE_IDENTIFIER = com.yeqiu.team.OpenGLTexturesUITests;
				PRODUCT_NAME = "$(TARGET_NAME)";
				SWIFT_EMIT_LOC_STRINGS = NO;
				TARGETED_DEVICE_FAMILY = "1,2";
				TEST_TARGET_NAME = OpenGLTextures;
			};
			name = Debug;
		};
		719976E129B9B7F20067B8E0 /* Release */ = {
			isa = XCBuildConfiguration;
			buildSettings = {
				CODE_SIGN_STYLE = Automatic;
				CURRENT_PROJECT_VERSION = 1;
				DEVELOPMENT_TEAM = 32K457YK2X;
				GENERATE_INFOPLIST_FILE = YES;
				MARKETING_VERSION = 1.0;
				PRODUCT_BUNDLE_IDENTIFIER = com.yeqiu.team.OpenGLTexturesUITests;
				PRODUCT_NAME = "$(TARGET_NAME)";
				SWIFT_EMIT_LOC_STRINGS = NO;
				TARGETED_DEVICE_FAMILY = "1,2";
				TEST_TARGET_NAME = OpenGLTextures;
			};
			name = Release;
		};
/* End XCBuildConfiguration section */

/* Begin XCConfigurationList section */
		719976A529B9B7F10067B8E0 /* Build configuration list for PBXProject "OpenGLTextures" */ = {
			isa = XCConfigurationList;
			buildConfigurations = (
				719976D729B9B7F20067B8E0 /* Debug */,
				719976D829B9B7F20067B8E0 /* Release */,
			);
			defaultConfigurationIsVisible = 0;
			defaultConfigurationName = Release;
		};
		719976D929B9B7F20067B8E0 /* Build configuration list for PBXNativeTarget "OpenGLTextures" */ = {
			isa = XCConfigurationList;
			buildConfigurations = (
				719976DA29B9B7F20067B8E0 /* Debug */,
				719976DB29B9B7F20067B8E0 /* Release */,
			);
			defaultConfigurationIsVisible = 0;
			defaultConfigurationName = Release;
		};
		719976DC29B9B7F20067B8E0 /* Build configuration list for PBXNativeTarget "OpenGLTexturesTests" */ = {
			isa = XCConfigurationList;
			buildConfigurations = (
				719976DD29B9B7F20067B8E0 /* Debug */,
				719976DE29B9B7F20067B8E0 /* Release */,
			);
			defaultConfigurationIsVisible = 0;
			defaultConfigurationName = Release;
		};
		719976DF29B9B7F20067B8E0 /* Build configuration list for PBXNativeTarget "OpenGLTexturesUITests" */ = {
			isa = XCConfigurationList;
			buildConfigurations = (
				719976E029B9B7F20067B8E0 /* Debug */,
				719976E129B9B7F20067B8E0 /* Release */,
			);
			defaultConfigurationIsVisible = 0;
			defaultConfigurationName = Release;
		};
/* End XCConfigurationList section */
	};
	rootObject = 719976A229B9B7F10067B8E0 /* Project object */;
}
